
Microsoft Visual Studio Solution File, Format Version 12.00
# Visual Studio Version 16
VisualStudioVersion = 16.0.31702.278
MinimumVisualStudioVersion = 10.0.40219.1
Project("{FAE04EC0-301F-11D3-BF4B-00C04F79EFBC}") = "ClosedXMLExample", "ClosedXMLExample\ClosedXMLExample.csproj", "{90B94AC1-51FE-4341-9BCB-B4BF932C2E86}"
EndProject
Global
	GlobalSection(SolutionConfigurationPlatforms) = preSolution
		Debug|Any CPU = Debug|Any CPU
		Release|Any CPU = Release|Any CPU
	EndGlobalSection
	GlobalSection(ProjectConfigurationPlatforms) = postSolution
		{90B94AC1-51FE-4341-9BCB-B4BF932C2E86}.Debug|Any CPU.ActiveCfg = Debug|Any CPU
		{90B94AC1-51FE-4341-9BCB-B4BF932C2E86}.Debug|Any CPU.Build.0 = Debug|Any CPU
		{90B94AC1-51FE-4341-9BCB-B4BF932C2E86}.Release|Any CPU.ActiveCfg = Release|Any CPU
		{90B94AC1-51FE-4341-9BCB-B4BF932C2E86}.Release|Any CPU.Build.0 = Release|Any CPU
	EndGlobalSection
	GlobalSection(SolutionProperties) = preSolution
		HideSolutionNode = FALSE
	EndGlobalSection
	GlobalSection(ExtensibilityGlobals) = postSolution
		SolutionGuid = {D3242EDC-B9DF-4540-87F8-1DB050E8055B}
	EndGlobalSection
EndGlobal
